{
  "version": 4,
  "terraform_version": "1.3.3",
  "serial": 95,
  "lineage": "21fc316f-0aab-869e-05d4-e41fc2df775e",
  "outputs": {},
  "resources": [
    {
      "mode": "data",
      "type": "archive_file",
      "name": "send_cloudwatch_alarms_to_slack",
      "provider": "provider[\"registry.terraform.io/hashicorp/archive\"]",
      "instances": [
        {
          "schema_version": 0,
          "attributes": {
            "excludes": null,
            "id": "da6422949143db95bb9212744c341e4d9dab929b",
            "output_base64sha256": "C2dnEll9UZC+RXFBPTs8TuBBDChhbMFQq3jLWLC63GE=",
            "output_file_mode": null,
            "output_md5": "1bfcae29295ff24dab3c31bf66daa20c",
            "output_path": ".././functions/send-cloudwatch-alarms-to-slack.zip",
            "output_sha": "da6422949143db95bb9212744c341e4d9dab929b",
            "output_size": 1385,
            "source": [],
            "source_content": null,
            "source_content_filename": null,
            "source_dir": ".././functions/send-cloudwatch-alarms-to-slack",
            "source_file": null,
            "type": "zip"
          },
          "sensitive_attributes": []
        }
      ]
    },
    {
      "mode": "managed",
      "type": "aws_cloudwatch_log_group",
      "name": "send_cloudwatch_alarms_to_slack",
      "provider": "provider[\"registry.terraform.io/hashicorp/aws\"]",
      "instances": [
        {
          "schema_version": 0,
          "attributes": {
            "arn": "arn:aws:logs:us-west-1:070431401263:log-group:/aws/lambda/send-cloudwatch-alarms-to-slack",
            "id": "/aws/lambda/send-cloudwatch-alarms-to-slack",
            "kms_key_id": "",
            "name": "/aws/lambda/send-cloudwatch-alarms-to-slack",
            "name_prefix": null,
            "retention_in_days": 14,
            "tags": {},
            "tags_all": {}
          },
          "sensitive_attributes": [],
          "private": "bnVsbA==",
          "dependencies": [
            "aws_iam_role.send_cloudwatch_alarms_to_slack",
            "aws_lambda_function.send_cloudwatch_alarms_to_slack",
            "aws_s3_bucket.lambda_bucket",
            "aws_s3_bucket_object.send_cloudwatch_alarms_to_slack",
            "data.archive_file.send_cloudwatch_alarms_to_slack",
            "random_pet.lambda_bucket_name"
          ]
        }
      ]
    },
    {
      "mode": "managed",
      "type": "aws_iam_policy",
      "name": "send_cloudwatch_alarms_to_slack_test",
      "provider": "provider[\"registry.terraform.io/hashicorp/aws\"]",
      "instances": [
        {
          "schema_version": 0,
          "attributes": {
            "arn": "arn:aws:iam::070431401263:policy/send-cloudwatch-alarms-to-slack-test",
            "description": "",
            "id": "arn:aws:iam::070431401263:policy/send-cloudwatch-alarms-to-slack-test",
            "name": "send-cloudwatch-alarms-to-slack-test",
            "name_prefix": null,
            "path": "/",
            "policy": "{\"Statement\":[{\"Action\":\"sns:ListTagsForResource\",\"Effect\":\"Allow\",\"Resource\":\"arn:aws:sns:us-west-1:070431401263:aws-notifcations\"}],\"Version\":\"2012-10-17\"}",
            "policy_id": "ANPARAZQJ4UXU5XBHLE5N",
            "tags": {},
            "tags_all": {}
          },
          "sensitive_attributes": [],
          "private": "bnVsbA==",
          "dependencies": [
            "aws_iam_role.sns_logs",
            "aws_sns_topic.slack_alerts"
          ]
        }
      ]
    },
    {
      "mode": "managed",
      "type": "aws_iam_role",
      "name": "send_cloudwatch_alarms_to_slack",
      "provider": "provider[\"registry.terraform.io/hashicorp/aws\"]",
      "instances": [
        {
          "schema_version": 0,
          "attributes": {
            "arn": "arn:aws:iam::070431401263:role/send-cloudwatch-alarms-to-slack",
            "assume_role_policy": "{\"Version\":\"2012-10-17\",\"Statement\":[{\"Effect\":\"Allow\",\"Principal\":{\"Service\":\"lambda.amazonaws.com\"},\"Action\":\"sts:AssumeRole\"}]}",
            "create_date": "2023-01-06T20:20:13Z",
            "description": "",
            "force_detach_policies": false,
            "id": "send-cloudwatch-alarms-to-slack",
            "inline_policy": [
              {
                "name": "readParameters",
                "policy": "{\n    \"Version\": \"2012-10-17\",\n    \"Statement\": [\n        {\n            \"Sid\": \"VisualEditor0\",\n            \"Effect\": \"Allow\",\n            \"Action\": \"ssm:GetParameter\",\n            \"Resource\": \"arn:aws:ssm:us-west-1:070431401263:parameter/slackChannel\"\n        }\n    ]\n}"
              },
              {
                "name": "slackTopicRead",
                "policy": "{\n    \"Version\": \"2012-10-17\",\n    \"Statement\": [\n        {\n            \"Sid\": \"VisualEditor0\",\n            \"Effect\": \"Allow\",\n            \"Action\": \"sns:ListTagsForResource\",\n            \"Resource\": \"*\"\n        }\n    ]\n}"
              }
            ],
            "managed_policy_arns": [
              "arn:aws:iam::070431401263:policy/send-cloudwatch-alarms-to-slack-test",
              "arn:aws:iam::aws:policy/service-role/AWSLambdaBasicExecutionRole"
            ],
            "max_session_duration": 3600,
            "name": "send-cloudwatch-alarms-to-slack",
            "name_prefix": "",
            "path": "/",
            "permissions_boundary": null,
            "tags": {},
            "tags_all": {},
            "unique_id": "AROARAZQJ4UX3RETRSIE3"
          },
          "sensitive_attributes": [],
          "private": "bnVsbA=="
        }
      ]
    },
    {
      "mode": "managed",
      "type": "aws_iam_role",
      "name": "sns_logs",
      "provider": "provider[\"registry.terraform.io/hashicorp/aws\"]",
      "instances": [
        {
          "schema_version": 0,
          "attributes": {
            "arn": "arn:aws:iam::070431401263:role/sns-logs",
            "assume_role_policy": "{\"Version\":\"2012-10-17\",\"Statement\":[{\"Effect\":\"Allow\",\"Principal\":{\"Service\":\"sns.amazonaws.com\"},\"Action\":\"sts:AssumeRole\"}]}",
            "create_date": "2023-01-06T20:20:13Z",
            "description": "",
            "force_detach_policies": false,
            "id": "sns-logs",
            "inline_policy": [
              {
                "name": "",
                "policy": ""
              }
            ],
            "managed_policy_arns": [
              "arn:aws:iam::aws:policy/service-role/AmazonSNSRole"
            ],
            "max_session_duration": 3600,
            "name": "sns-logs",
            "name_prefix": "",
            "path": "/",
            "permissions_boundary": null,
            "tags": {},
            "tags_all": {},
            "unique_id": "AROARAZQJ4UXRKINOVDE7"
          },
          "sensitive_attributes": [],
          "private": "bnVsbA=="
        }
      ]
    },
    {
      "mode": "managed",
      "type": "aws_iam_role_policy_attachment",
      "name": "send_cloudwatch_alarms_to_slack_basic",
      "provider": "provider[\"registry.terraform.io/hashicorp/aws\"]",
      "instances": [
        {
          "schema_version": 0,
          "attributes": {
            "id": "send-cloudwatch-alarms-to-slack-20230106202016299900000001",
            "policy_arn": "arn:aws:iam::aws:policy/service-role/AWSLambdaBasicExecutionRole",
            "role": "send-cloudwatch-alarms-to-slack"
          },
          "sensitive_attributes": [],
          "private": "bnVsbA==",
          "dependencies": [
            "aws_iam_role.send_cloudwatch_alarms_to_slack"
          ]
        }
      ]
    },
    {
      "mode": "managed",
      "type": "aws_iam_role_policy_attachment",
      "name": "send_cloudwatch_alarms_to_slack_basic_test",
      "provider": "provider[\"registry.terraform.io/hashicorp/aws\"]",
      "instances": [
        {
          "schema_version": 0,
          "attributes": {
            "id": "send-cloudwatch-alarms-to-slack-20230109025738732800000001",
            "policy_arn": "arn:aws:iam::070431401263:policy/send-cloudwatch-alarms-to-slack-test",
            "role": "send-cloudwatch-alarms-to-slack"
          },
          "sensitive_attributes": [],
          "private": "bnVsbA==",
          "dependencies": [
            "aws_iam_policy.send_cloudwatch_alarms_to_slack_test",
            "aws_iam_role.send_cloudwatch_alarms_to_slack",
            "aws_iam_role.sns_logs",
            "aws_sns_topic.slack_alerts"
          ]
        }
      ]
    },
    {
      "mode": "managed",
      "type": "aws_iam_role_policy_attachment",
      "name": "sns_logs",
      "provider": "provider[\"registry.terraform.io/hashicorp/aws\"]",
      "instances": [
        {
          "schema_version": 0,
          "attributes": {
            "id": "sns-logs-20230106202016304000000002",
            "policy_arn": "arn:aws:iam::aws:policy/service-role/AmazonSNSRole",
            "role": "sns-logs"
          },
          "sensitive_attributes": [],
          "private": "bnVsbA==",
          "dependencies": [
            "aws_iam_role.sns_logs"
          ]
        }
      ]
    },
    {
      "mode": "managed",
      "type": "aws_lambda_function",
      "name": "send_cloudwatch_alarms_to_slack",
      "provider": "provider[\"registry.terraform.io/hashicorp/aws\"]",
      "instances": [
        {
          "schema_version": 0,
          "attributes": {
            "architectures": [
              "x86_64"
            ],
            "arn": "arn:aws:lambda:us-west-1:070431401263:function:send-cloudwatch-alarms-to-slack",
            "code_signing_config_arn": "",
            "dead_letter_config": [],
            "description": "",
            "environment": [],
            "file_system_config": [],
            "filename": null,
            "function_name": "send-cloudwatch-alarms-to-slack",
            "handler": "lambda_function.lambda_handler",
            "id": "send-cloudwatch-alarms-to-slack",
            "image_config": [],
            "image_uri": "",
            "invoke_arn": "arn:aws:apigateway:us-west-1:lambda:path/2015-03-31/functions/arn:aws:lambda:us-west-1:070431401263:function:send-cloudwatch-alarms-to-slack/invocations",
            "kms_key_arn": "",
            "last_modified": "2023-01-09T20:53:21.000+0000",
            "layers": [],
            "memory_size": 128,
            "package_type": "Zip",
            "publish": false,
            "qualified_arn": "arn:aws:lambda:us-west-1:070431401263:function:send-cloudwatch-alarms-to-slack:$LATEST",
            "reserved_concurrent_executions": -1,
            "role": "arn:aws:iam::070431401263:role/send-cloudwatch-alarms-to-slack",
            "runtime": "python3.9",
            "s3_bucket": "lambda-right-finch",
            "s3_key": "send-cloudwatch-alarms-to-slack.zip",
            "s3_object_version": null,
            "signing_job_arn": "",
            "signing_profile_version_arn": "",
            "source_code_hash": "C2dnEll9UZC+RXFBPTs8TuBBDChhbMFQq3jLWLC63GE=",
            "source_code_size": 1385,
            "tags": {},
            "tags_all": {},
            "timeout": 3,
            "timeouts": null,
            "tracing_config": [
              {
                "mode": "PassThrough"
              }
            ],
            "version": "$LATEST",
            "vpc_config": []
          },
          "sensitive_attributes": [],
          "private": "eyJlMmJmYjczMC1lY2FhLTExZTYtOGY4OC0zNDM2M2JjN2M0YzAiOnsiY3JlYXRlIjo2MDAwMDAwMDAwMDB9fQ==",
          "dependencies": [
            "aws_iam_role.send_cloudwatch_alarms_to_slack",
            "aws_s3_bucket.lambda_bucket",
            "aws_s3_bucket_object.send_cloudwatch_alarms_to_slack",
            "data.archive_file.send_cloudwatch_alarms_to_slack",
            "random_pet.lambda_bucket_name"
          ]
        }
      ]
    },
    {
      "mode": "managed",
      "type": "aws_lambda_permission",
      "name": "sns_alarms",
      "provider": "provider[\"registry.terraform.io/hashicorp/aws\"]",
      "instances": [
        {
          "schema_version": 0,
          "attributes": {
            "action": "lambda:InvokeFunction",
            "event_source_token": null,
            "function_name": "send-cloudwatch-alarms-to-slack",
            "id": "AllowExecutionFromSNSAlarms",
            "principal": "sns.amazonaws.com",
            "qualifier": "",
            "source_account": null,
            "source_arn": "arn:aws:sns:us-west-1:070431401263:aws-notifcations",
            "statement_id": "AllowExecutionFromSNSAlarms",
            "statement_id_prefix": null
          },
          "sensitive_attributes": [],
          "private": "bnVsbA==",
          "dependencies": [
            "aws_iam_role.send_cloudwatch_alarms_to_slack",
            "aws_iam_role.sns_logs",
            "aws_lambda_function.send_cloudwatch_alarms_to_slack",
            "aws_s3_bucket.lambda_bucket",
            "aws_s3_bucket_object.send_cloudwatch_alarms_to_slack",
            "aws_sns_topic.slack_alerts",
            "data.archive_file.send_cloudwatch_alarms_to_slack",
            "random_pet.lambda_bucket_name"
          ]
        }
      ]
    },
    {
      "mode": "managed",
      "type": "aws_s3_bucket",
      "name": "lambda_bucket",
      "provider": "provider[\"registry.terraform.io/hashicorp/aws\"]",
      "instances": [
        {
          "schema_version": 0,
          "attributes": {
            "acceleration_status": "",
            "acl": "private",
            "arn": "arn:aws:s3:::lambda-right-finch",
            "bucket": "lambda-right-finch",
            "bucket_domain_name": "lambda-right-finch.s3.amazonaws.com",
            "bucket_prefix": null,
            "bucket_regional_domain_name": "lambda-right-finch.s3.us-west-1.amazonaws.com",
            "cors_rule": [],
            "force_destroy": true,
            "grant": [],
            "hosted_zone_id": "Z2F56UZL2M1ACD",
            "id": "lambda-right-finch",
            "lifecycle_rule": [],
            "logging": [],
            "object_lock_configuration": [],
            "object_lock_enabled": false,
            "policy": null,
            "region": "us-west-1",
            "replication_configuration": [],
            "request_payer": "BucketOwner",
            "server_side_encryption_configuration": [],
            "tags": {},
            "tags_all": {},
            "versioning": [
              {
                "enabled": false,
                "mfa_delete": false
              }
            ],
            "website": [],
            "website_domain": null,
            "website_endpoint": null
          },
          "sensitive_attributes": [],
          "private": "bnVsbA==",
          "dependencies": [
            "random_pet.lambda_bucket_name"
          ]
        }
      ]
    },
    {
      "mode": "managed",
      "type": "aws_s3_bucket_object",
      "name": "send_cloudwatch_alarms_to_slack",
      "provider": "provider[\"registry.terraform.io/hashicorp/aws\"]",
      "instances": [
        {
          "schema_version": 0,
          "attributes": {
            "acl": "private",
            "bucket": "lambda-right-finch",
            "bucket_key_enabled": false,
            "cache_control": "",
            "content": null,
            "content_base64": null,
            "content_disposition": "",
            "content_encoding": "",
            "content_language": "",
            "content_type": "binary/octet-stream",
            "etag": "1bfcae29295ff24dab3c31bf66daa20c",
            "force_destroy": false,
            "id": "send-cloudwatch-alarms-to-slack.zip",
            "key": "send-cloudwatch-alarms-to-slack.zip",
            "kms_key_id": null,
            "metadata": {},
            "object_lock_legal_hold_status": "",
            "object_lock_mode": "",
            "object_lock_retain_until_date": "",
            "server_side_encryption": "",
            "source": ".././functions/send-cloudwatch-alarms-to-slack.zip",
            "source_hash": null,
            "storage_class": "STANDARD",
            "tags": {},
            "tags_all": {},
            "version_id": "",
            "website_redirect": ""
          },
          "sensitive_attributes": [],
          "private": "bnVsbA==",
          "dependencies": [
            "aws_s3_bucket.lambda_bucket",
            "data.archive_file.send_cloudwatch_alarms_to_slack",
            "random_pet.lambda_bucket_name"
          ]
        }
      ]
    },
    {
      "mode": "managed",
      "type": "aws_sns_topic",
      "name": "slack_alerts",
      "provider": "provider[\"registry.terraform.io/hashicorp/aws\"]",
      "instances": [
        {
          "schema_version": 0,
          "attributes": {
            "application_failure_feedback_role_arn": "",
            "application_success_feedback_role_arn": "",
            "application_success_feedback_sample_rate": 0,
            "arn": "arn:aws:sns:us-west-1:070431401263:aws-notifcations",
            "content_based_deduplication": false,
            "delivery_policy": "",
            "display_name": "",
            "fifo_topic": false,
            "firehose_failure_feedback_role_arn": "",
            "firehose_success_feedback_role_arn": "",
            "firehose_success_feedback_sample_rate": 0,
            "http_failure_feedback_role_arn": "",
            "http_success_feedback_role_arn": "",
            "http_success_feedback_sample_rate": 0,
            "id": "arn:aws:sns:us-west-1:070431401263:aws-notifcations",
            "kms_master_key_id": "",
            "lambda_failure_feedback_role_arn": "arn:aws:iam::070431401263:role/sns-logs",
            "lambda_success_feedback_role_arn": "arn:aws:iam::070431401263:role/sns-logs",
            "lambda_success_feedback_sample_rate": 100,
            "name": "aws-notifcations",
            "name_prefix": "",
            "owner": "070431401263",
            "policy": "{\"Version\":\"2008-10-17\",\"Id\":\"__default_policy_ID\",\"Statement\":[{\"Sid\":\"__default_statement_ID\",\"Effect\":\"Allow\",\"Principal\":{\"AWS\":\"*\"},\"Action\":[\"SNS:GetTopicAttributes\",\"SNS:SetTopicAttributes\",\"SNS:AddPermission\",\"SNS:RemovePermission\",\"SNS:DeleteTopic\",\"SNS:Subscribe\",\"SNS:ListSubscriptionsByTopic\",\"SNS:Publish\"],\"Resource\":\"arn:aws:sns:us-west-1:070431401263:aws-notifcations\",\"Condition\":{\"StringEquals\":{\"AWS:SourceOwner\":\"070431401263\"}}}]}",
            "sqs_failure_feedback_role_arn": "",
            "sqs_success_feedback_role_arn": "",
            "sqs_success_feedback_sample_rate": 0,
            "tags": {},
            "tags_all": {}
          },
          "sensitive_attributes": [],
          "private": "bnVsbA==",
          "dependencies": [
            "aws_iam_role.sns_logs"
          ]
        }
      ]
    },
    {
      "mode": "managed",
      "type": "aws_sns_topic_subscription",
      "name": "alarms",
      "provider": "provider[\"registry.terraform.io/hashicorp/aws\"]",
      "instances": [
        {
          "schema_version": 0,
          "attributes": {
            "arn": "arn:aws:sns:us-west-1:070431401263:aws-notifcations:28561058-5edf-412b-98f3-367de6f874c3",
            "confirmation_timeout_in_minutes": 1,
            "confirmation_was_authenticated": true,
            "delivery_policy": "",
            "endpoint": "arn:aws:lambda:us-west-1:070431401263:function:send-cloudwatch-alarms-to-slack",
            "endpoint_auto_confirms": false,
            "filter_policy": "",
            "id": "arn:aws:sns:us-west-1:070431401263:aws-notifcations:28561058-5edf-412b-98f3-367de6f874c3",
            "owner_id": "070431401263",
            "pending_confirmation": false,
            "protocol": "lambda",
            "raw_message_delivery": false,
            "redrive_policy": "",
            "subscription_role_arn": "",
            "topic_arn": "arn:aws:sns:us-west-1:070431401263:aws-notifcations"
          },
          "sensitive_attributes": [],
          "private": "bnVsbA==",
          "dependencies": [
            "aws_iam_role.send_cloudwatch_alarms_to_slack",
            "aws_iam_role.sns_logs",
            "aws_lambda_function.send_cloudwatch_alarms_to_slack",
            "aws_s3_bucket.lambda_bucket",
            "aws_s3_bucket_object.send_cloudwatch_alarms_to_slack",
            "aws_sns_topic.slack_alerts",
            "data.archive_file.send_cloudwatch_alarms_to_slack",
            "random_pet.lambda_bucket_name"
          ]
        }
      ]
    },
    {
      "mode": "managed",
      "type": "random_pet",
      "name": "lambda_bucket_name",
      "provider": "provider[\"registry.terraform.io/hashicorp/random\"]",
      "instances": [
        {
          "schema_version": 0,
          "attributes": {
            "id": "lambda-right-finch",
            "keepers": null,
            "length": 2,
            "prefix": "lambda",
            "separator": "-"
          },
          "sensitive_attributes": []
        }
      ]
    }
  ],
  "check_results": []
}
